// !$*UTF8*$!
{
	archiveVersion = 1;
	classes = {
	};
	objectVersion = 48;
	objects = {

/* Begin PBXBuildFile section */
		0D0BE1681FEBF1B200EC1727 /* UDPSocket.m in Sources */ = {isa = PBXBuildFile; fileRef = 0D0BE1671FEBF1B200EC1727 /* UDPSocket.m */; };
		0D0BE1691FEBF1B200EC1727 /* UDPSocket.m in Sources */ = {isa = PBXBuildFile; fileRef = 0D0BE1671FEBF1B200EC1727 /* UDPSocket.m */; };
		0D0BE16A1FEBF1B200EC1727 /* UDPSocket.m in Sources */ = {isa = PBXBuildFile; fileRef = 0D0BE1671FEBF1B200EC1727 /* UDPSocket.m */; };
		0D0BE16F1FEBF23800EC1727 /* GCDAsyncUdpSocket.m in Sources */ = {isa = PBXBuildFile; fileRef = 0D0BE16D1FEBF23700EC1727 /* GCDAsyncUdpSocket.m */; };
		0D0BE1701FEBF23800EC1727 /* GCDAsyncUdpSocket.m in Sources */ = {isa = PBXBuildFile; fileRef = 0D0BE16D1FEBF23700EC1727 /* GCDAsyncUdpSocket.m */; };
		0D0BE1711FEBF23800EC1727 /* GCDAsyncUdpSocket.m in Sources */ = {isa = PBXBuildFile; fileRef = 0D0BE16D1FEBF23700EC1727 /* GCDAsyncUdpSocket.m */; };
		0D0BE1721FEBF23800EC1727 /* GCDAsyncSocket.m in Sources */ = {isa = PBXBuildFile; fileRef = 0D0BE16E1FEBF23800EC1727 /* GCDAsyncSocket.m */; };
		0D0BE1731FEBF23800EC1727 /* GCDAsyncSocket.m in Sources */ = {isa = PBXBuildFile; fileRef = 0D0BE16E1FEBF23800EC1727 /* GCDAsyncSocket.m */; };
		0D0BE1741FEBF23800EC1727 /* GCDAsyncSocket.m in Sources */ = {isa = PBXBuildFile; fileRef = 0D0BE16E1FEBF23800EC1727 /* GCDAsyncSocket.m */; };
		0D1D43BE1FBA5FD1002D0676 /* MQTT.m in Sources */ = {isa = PBXBuildFile; fileRef = 0D1D43BD1FBA5FD1002D0676 /* MQTT.m */; };
		0D1D43CB1FBBB734002D0676 /* ca.crt in Resources */ = {isa = PBXBuildFile; fileRef = 0D1D43CA1FBBB734002D0676 /* ca.crt */; };
		0D286D461FF29A3600F9C3B9 /* AudioRecording.m in Sources */ = {isa = PBXBuildFile; fileRef = 0D286D451FF29A3600F9C3B9 /* AudioRecording.m */; };
		0D286D471FF29A3600F9C3B9 /* AudioRecording.m in Sources */ = {isa = PBXBuildFile; fileRef = 0D286D451FF29A3600F9C3B9 /* AudioRecording.m */; };
		0D286D481FF29A3600F9C3B9 /* AudioRecording.m in Sources */ = {isa = PBXBuildFile; fileRef = 0D286D451FF29A3600F9C3B9 /* AudioRecording.m */; };
		0D286D4B1FF7B72100F9C3B9 /* AudioPlaying.m in Sources */ = {isa = PBXBuildFile; fileRef = 0D286D4A1FF7B72100F9C3B9 /* AudioPlaying.m */; };
		0D286D4C1FF7B72100F9C3B9 /* AudioPlaying.m in Sources */ = {isa = PBXBuildFile; fileRef = 0D286D4A1FF7B72100F9C3B9 /* AudioPlaying.m */; };
		0D286D4D1FF7B72100F9C3B9 /* AudioPlaying.m in Sources */ = {isa = PBXBuildFile; fileRef = 0D286D4A1FF7B72100F9C3B9 /* AudioPlaying.m */; };
		0D54787D1FB7B8C9001943C8 /* AudioToolbox.framework in Frameworks */ = {isa = PBXBuildFile; fileRef = 0D54787C1FB7B8C9001943C8 /* AudioToolbox.framework */; };
		0D5F15D71FBD1C7200E772D6 /* SIPpj.m in Sources */ = {isa = PBXBuildFile; fileRef = 0D5F15D61FBD1C7200E772D6 /* SIPpj.m */; };
		0D7818561FB253B30057C197 /* AppDelegate.m in Sources */ = {isa = PBXBuildFile; fileRef = 0D7818551FB253B30057C197 /* AppDelegate.m */; };
		0D7818591FB253B30057C197 /* ViewController.m in Sources */ = {isa = PBXBuildFile; fileRef = 0D7818581FB253B30057C197 /* ViewController.m */; };
		0D78185C1FB253B30057C197 /* Main.storyboard in Resources */ = {isa = PBXBuildFile; fileRef = 0D78185A1FB253B30057C197 /* Main.storyboard */; };
		0D78185E1FB253B30057C197 /* Assets.xcassets in Resources */ = {isa = PBXBuildFile; fileRef = 0D78185D1FB253B30057C197 /* Assets.xcassets */; };
		0D7818611FB253B30057C197 /* LaunchScreen.storyboard in Resources */ = {isa = PBXBuildFile; fileRef = 0D78185F1FB253B30057C197 /* LaunchScreen.storyboard */; };
		0D7818641FB253B30057C197 /* main.m in Sources */ = {isa = PBXBuildFile; fileRef = 0D7818631FB253B30057C197 /* main.m */; };
		0D78186E1FB253B30057C197 /* SIP_MQTTTests.m in Sources */ = {isa = PBXBuildFile; fileRef = 0D78186D1FB253B30057C197 /* SIP_MQTTTests.m */; };
		0D7818791FB253B30057C197 /* SIP_MQTTUITests.m in Sources */ = {isa = PBXBuildFile; fileRef = 0D7818781FB253B30057C197 /* SIP_MQTTUITests.m */; };
		7367DDD19CAE7A7E27C0A645 /* libPods-SIP MQTTTests.a in Frameworks */ = {isa = PBXBuildFile; fileRef = A79B9079324543C94AE17D71 /* libPods-SIP MQTTTests.a */; };
		8482BEE3ECAE0B0D6C0AA37B /* libPods-SIP MQTTUITests.a in Frameworks */ = {isa = PBXBuildFile; fileRef = A6D131B7273E8C7BDDCA3F5F /* libPods-SIP MQTTUITests.a */; };
		8B62870C70EDE8C9CD9470B8 /* libPods-SIP MQTT.a in Frameworks */ = {isa = PBXBuildFile; fileRef = 396B11290075F9703BA5E30A /* libPods-SIP MQTT.a */; };
/* End PBXBuildFile section */

/* Begin PBXContainerItemProxy section */
		0D78186A1FB253B30057C197 /* PBXContainerItemProxy */ = {
			isa = PBXContainerItemProxy;
			containerPortal = 0D7818491FB253B30057C197 /* Project object */;
			proxyType = 1;
			remoteGlobalIDString = 0D7818501FB253B30057C197;
			remoteInfo = "SIP MQTT";
		};
		0D7818751FB253B30057C197 /* PBXContainerItemProxy */ = {
			isa = PBXContainerItemProxy;
			containerPortal = 0D7818491FB253B30057C197 /* Project object */;
			proxyType = 1;
			remoteGlobalIDString = 0D7818501FB253B30057C197;
			remoteInfo = "SIP MQTT";
		};
/* End PBXContainerItemProxy section */

/* Begin PBXFileReference section */
		0D0BE1661FEBF1B200EC1727 /* UDPSocket.h */ = {isa = PBXFileReference; lastKnownFileType = sourcecode.c.h; path = UDPSocket.h; sourceTree = "<group>"; };
		0D0BE1671FEBF1B200EC1727 /* UDPSocket.m */ = {isa = PBXFileReference; lastKnownFileType = sourcecode.c.objc; path = UDPSocket.m; sourceTree = "<group>"; };
		0D0BE16B1FEBF23700EC1727 /* GCDAsyncSocket.h */ = {isa = PBXFileReference; fileEncoding = 4; lastKnownFileType = sourcecode.c.h; path = GCDAsyncSocket.h; sourceTree = "<group>"; };
		0D0BE16C1FEBF23700EC1727 /* GCDAsyncUdpSocket.h */ = {isa = PBXFileReference; fileEncoding = 4; lastKnownFileType = sourcecode.c.h; path = GCDAsyncUdpSocket.h; sourceTree = "<group>"; };
		0D0BE16D1FEBF23700EC1727 /* GCDAsyncUdpSocket.m */ = {isa = PBXFileReference; fileEncoding = 4; lastKnownFileType = sourcecode.c.objc; path = GCDAsyncUdpSocket.m; sourceTree = "<group>"; };
		0D0BE16E1FEBF23800EC1727 /* GCDAsyncSocket.m */ = {isa = PBXFileReference; fileEncoding = 4; lastKnownFileType = sourcecode.c.objc; path = GCDAsyncSocket.m; sourceTree = "<group>"; };
		0D1D43BC1FBA5FD1002D0676 /* MQTT.h */ = {isa = PBXFileReference; lastKnownFileType = sourcecode.c.h; path = MQTT.h; sourceTree = "<group>"; };
		0D1D43BD1FBA5FD1002D0676 /* MQTT.m */ = {isa = PBXFileReference; lastKnownFileType = sourcecode.c.objc; path = MQTT.m; sourceTree = "<group>"; };
		0D1D43CA1FBBB734002D0676 /* ca.crt */ = {isa = PBXFileReference; fileEncoding = 4; lastKnownFileType = text; path = ca.crt; sourceTree = "<group>"; };
		0D286D441FF29A3600F9C3B9 /* AudioRecording.h */ = {isa = PBXFileReference; lastKnownFileType = sourcecode.c.h; path = AudioRecording.h; sourceTree = "<group>"; };
		0D286D451FF29A3600F9C3B9 /* AudioRecording.m */ = {isa = PBXFileReference; lastKnownFileType = sourcecode.c.objc; path = AudioRecording.m; sourceTree = "<group>"; };
		0D286D491FF7B72100F9C3B9 /* AudioPlaying.h */ = {isa = PBXFileReference; lastKnownFileType = sourcecode.c.h; path = AudioPlaying.h; sourceTree = "<group>"; };
		0D286D4A1FF7B72100F9C3B9 /* AudioPlaying.m */ = {isa = PBXFileReference; lastKnownFileType = sourcecode.c.objc; path = AudioPlaying.m; sourceTree = "<group>"; };
		0D54787C1FB7B8C9001943C8 /* AudioToolbox.framework */ = {isa = PBXFileReference; lastKnownFileType = wrapper.framework; name = AudioToolbox.framework; path = System/Library/Frameworks/AudioToolbox.framework; sourceTree = SDKROOT; };
		0D5F15D51FBD1C7200E772D6 /* SIPpj.h */ = {isa = PBXFileReference; lastKnownFileType = sourcecode.c.h; path = SIPpj.h; sourceTree = "<group>"; };
		0D5F15D61FBD1C7200E772D6 /* SIPpj.m */ = {isa = PBXFileReference; lastKnownFileType = sourcecode.c.objc; path = SIPpj.m; sourceTree = "<group>"; };
		0D7818511FB253B30057C197 /* SIP MQTT.app */ = {isa = PBXFileReference; explicitFileType = wrapper.application; includeInIndex = 0; path = "SIP MQTT.app"; sourceTree = BUILT_PRODUCTS_DIR; };
		0D7818541FB253B30057C197 /* AppDelegate.h */ = {isa = PBXFileReference; lastKnownFileType = sourcecode.c.h; path = AppDelegate.h; sourceTree = "<group>"; };
		0D7818551FB253B30057C197 /* AppDelegate.m */ = {isa = PBXFileReference; lastKnownFileType = sourcecode.c.objc; path = AppDelegate.m; sourceTree = "<group>"; };
		0D7818571FB253B30057C197 /* ViewController.h */ = {isa = PBXFileReference; lastKnownFileType = sourcecode.c.h; path = ViewController.h; sourceTree = "<group>"; };
		0D7818581FB253B30057C197 /* ViewController.m */ = {isa = PBXFileReference; lastKnownFileType = sourcecode.c.objc; path = ViewController.m; sourceTree = "<group>"; };
		0D78185B1FB253B30057C197 /* Base */ = {isa = PBXFileReference; lastKnownFileType = file.storyboard; name = Base; path = Base.lproj/Main.storyboard; sourceTree = "<group>"; };
		0D78185D1FB253B30057C197 /* Assets.xcassets */ = {isa = PBXFileReference; lastKnownFileType = folder.assetcatalog; path = Assets.xcassets; sourceTree = "<group>"; };
		0D7818601FB253B30057C197 /* Base */ = {isa = PBXFileReference; lastKnownFileType = file.storyboard; name = Base; path = Base.lproj/LaunchScreen.storyboard; sourceTree = "<group>"; };
		0D7818621FB253B30057C197 /* Info.plist */ = {isa = PBXFileReference; lastKnownFileType = text.plist.xml; path = Info.plist; sourceTree = "<group>"; };
		0D7818631FB253B30057C197 /* main.m */ = {isa = PBXFileReference; lastKnownFileType = sourcecode.c.objc; path = main.m; sourceTree = "<group>"; };
		0D7818691FB253B30057C197 /* SIP MQTTTests.xctest */ = {isa = PBXFileReference; explicitFileType = wrapper.cfbundle; includeInIndex = 0; path = "SIP MQTTTests.xctest"; sourceTree = BUILT_PRODUCTS_DIR; };
		0D78186D1FB253B30057C197 /* SIP_MQTTTests.m */ = {isa = PBXFileReference; lastKnownFileType = sourcecode.c.objc; path = SIP_MQTTTests.m; sourceTree = "<group>"; };
		0D78186F1FB253B30057C197 /* Info.plist */ = {isa = PBXFileReference; lastKnownFileType = text.plist.xml; path = Info.plist; sourceTree = "<group>"; };
		0D7818741FB253B30057C197 /* SIP MQTTUITests.xctest */ = {isa = PBXFileReference; explicitFileType = wrapper.cfbundle; includeInIndex = 0; path = "SIP MQTTUITests.xctest"; sourceTree = BUILT_PRODUCTS_DIR; };
		0D7818781FB253B30057C197 /* SIP_MQTTUITests.m */ = {isa = PBXFileReference; lastKnownFileType = sourcecode.c.objc; path = SIP_MQTTUITests.m; sourceTree = "<group>"; };
		0D78187A1FB253B30057C197 /* Info.plist */ = {isa = PBXFileReference; lastKnownFileType = text.plist.xml; path = Info.plist; sourceTree = "<group>"; };
		0DA733401FB3DE8C00B48FBF /* SIP MQTT.entitlements */ = {isa = PBXFileReference; lastKnownFileType = text.plist.entitlements; path = "SIP MQTT.entitlements"; sourceTree = "<group>"; };
		1AB9B999B702DF92B88D61C3 /* Pods-SIP MQTT.release.xcconfig */ = {isa = PBXFileReference; includeInIndex = 1; lastKnownFileType = text.xcconfig; name = "Pods-SIP MQTT.release.xcconfig"; path = "CocoaPods/Pods/Target Support Files/Pods-SIP MQTT/Pods-SIP MQTT.release.xcconfig"; sourceTree = "<group>"; };
		396B11290075F9703BA5E30A /* libPods-SIP MQTT.a */ = {isa = PBXFileReference; explicitFileType = archive.ar; includeInIndex = 0; path = "libPods-SIP MQTT.a"; sourceTree = BUILT_PRODUCTS_DIR; };
		47C8FBA47790F6AB5863CD4A /* Pods-SIP MQTTTests.debug.xcconfig */ = {isa = PBXFileReference; includeInIndex = 1; lastKnownFileType = text.xcconfig; name = "Pods-SIP MQTTTests.debug.xcconfig"; path = "CocoaPods/Pods/Target Support Files/Pods-SIP MQTTTests/Pods-SIP MQTTTests.debug.xcconfig"; sourceTree = "<group>"; };
		529CBCD955C60DF8F14EFB35 /* Pods-SIP MQTTUITests.debug.xcconfig */ = {isa = PBXFileReference; includeInIndex = 1; lastKnownFileType = text.xcconfig; name = "Pods-SIP MQTTUITests.debug.xcconfig"; path = "CocoaPods/Pods/Target Support Files/Pods-SIP MQTTUITests/Pods-SIP MQTTUITests.debug.xcconfig"; sourceTree = "<group>"; };
		68DB866217C0DE778B5CE0C5 /* Pods-SIP MQTTUITests.release.xcconfig */ = {isa = PBXFileReference; includeInIndex = 1; lastKnownFileType = text.xcconfig; name = "Pods-SIP MQTTUITests.release.xcconfig"; path = "CocoaPods/Pods/Target Support Files/Pods-SIP MQTTUITests/Pods-SIP MQTTUITests.release.xcconfig"; sourceTree = "<group>"; };
		A6D131B7273E8C7BDDCA3F5F /* libPods-SIP MQTTUITests.a */ = {isa = PBXFileReference; explicitFileType = archive.ar; includeInIndex = 0; path = "libPods-SIP MQTTUITests.a"; sourceTree = BUILT_PRODUCTS_DIR; };
		A79B9079324543C94AE17D71 /* libPods-SIP MQTTTests.a */ = {isa = PBXFileReference; explicitFileType = archive.ar; includeInIndex = 0; path = "libPods-SIP MQTTTests.a"; sourceTree = BUILT_PRODUCTS_DIR; };
		B8D94E8B9C24B76EFBBC1E81 /* Pods-SIP MQTTTests.release.xcconfig */ = {isa = PBXFileReference; includeInIndex = 1; lastKnownFileType = text.xcconfig; name = "Pods-SIP MQTTTests.release.xcconfig"; path = "CocoaPods/Pods/Target Support Files/Pods-SIP MQTTTests/Pods-SIP MQTTTests.release.xcconfig"; sourceTree = "<group>"; };
		CB9AD7A8D0212464C11A4EDB /* Pods-SIP MQTT.debug.xcconfig */ = {isa = PBXFileReference; includeInIndex = 1; lastKnownFileType = text.xcconfig; name = "Pods-SIP MQTT.debug.xcconfig"; path = "CocoaPods/Pods/Target Support Files/Pods-SIP MQTT/Pods-SIP MQTT.debug.xcconfig"; sourceTree = "<group>"; };
/* End PBXFileReference section */

/* Begin PBXFrameworksBuildPhase section */
		0D78184E1FB253B30057C197 /* Frameworks */ = {
			isa = PBXFrameworksBuildPhase;
			buildActionMask = 2147483647;
			files = (
				8B62870C70EDE8C9CD9470B8 /* libPods-SIP MQTT.a in Frameworks */,
				0D54787D1FB7B8C9001943C8 /* AudioToolbox.framework in Frameworks */,
			);
			runOnlyForDeploymentPostprocessing = 0;
		};
		0D7818661FB253B30057C197 /* Frameworks */ = {
			isa = PBXFrameworksBuildPhase;
			buildActionMask = 2147483647;
			files = (
				7367DDD19CAE7A7E27C0A645 /* libPods-SIP MQTTTests.a in Frameworks */,
			);
			runOnlyForDeploymentPostprocessing = 0;
		};
		0D7818711FB253B30057C197 /* Frameworks */ = {
			isa = PBXFrameworksBuildPhase;
			buildActionMask = 2147483647;
			files = (
				8482BEE3ECAE0B0D6C0AA37B /* libPods-SIP MQTTUITests.a in Frameworks */,
			);
			runOnlyForDeploymentPostprocessing = 0;
		};
/* End PBXFrameworksBuildPhase section */

/* Begin PBXGroup section */
		0D7818481FB253B30057C197 = {
			isa = PBXGroup;
			children = (
				0D1D43CA1FBBB734002D0676 /* ca.crt */,
				0D7818531FB253B30057C197 /* SIP MQTT */,
				0D78186C1FB253B30057C197 /* SIP MQTTTests */,
				0D7818771FB253B30057C197 /* SIP MQTTUITests */,
				0D7818521FB253B30057C197 /* Products */,
				E1E0284A708E2CFB07D3F7C6 /* Pods */,
				CF514F534384DF58F878C4CB /* Frameworks */,
			);
			sourceTree = "<group>";
		};
		0D7818521FB253B30057C197 /* Products */ = {
			isa = PBXGroup;
			children = (
				0D7818511FB253B30057C197 /* SIP MQTT.app */,
				0D7818691FB253B30057C197 /* SIP MQTTTests.xctest */,
				0D7818741FB253B30057C197 /* SIP MQTTUITests.xctest */,
			);
			name = Products;
			sourceTree = "<group>";
		};
		0D7818531FB253B30057C197 /* SIP MQTT */ = {
			isa = PBXGroup;
			children = (
				0DA733401FB3DE8C00B48FBF /* SIP MQTT.entitlements */,
				0D5F15D51FBD1C7200E772D6 /* SIPpj.h */,
				0D5F15D61FBD1C7200E772D6 /* SIPpj.m */,
				0D7818541FB253B30057C197 /* AppDelegate.h */,
				0D7818551FB253B30057C197 /* AppDelegate.m */,
				0D7818571FB253B30057C197 /* ViewController.h */,
				0D7818581FB253B30057C197 /* ViewController.m */,
				0D1D43BC1FBA5FD1002D0676 /* MQTT.h */,
				0D1D43BD1FBA5FD1002D0676 /* MQTT.m */,
				0D0BE16B1FEBF23700EC1727 /* GCDAsyncSocket.h */,
				0D0BE16E1FEBF23800EC1727 /* GCDAsyncSocket.m */,
				0D0BE16C1FEBF23700EC1727 /* GCDAsyncUdpSocket.h */,
				0D0BE16D1FEBF23700EC1727 /* GCDAsyncUdpSocket.m */,
				0D0BE1661FEBF1B200EC1727 /* UDPSocket.h */,
				0D0BE1671FEBF1B200EC1727 /* UDPSocket.m */,
				0D78185A1FB253B30057C197 /* Main.storyboard */,
				0D286D441FF29A3600F9C3B9 /* AudioRecording.h */,
				0D286D451FF29A3600F9C3B9 /* AudioRecording.m */,
				0D286D491FF7B72100F9C3B9 /* AudioPlaying.h */,
				0D286D4A1FF7B72100F9C3B9 /* AudioPlaying.m */,
				0D78185D1FB253B30057C197 /* Assets.xcassets */,
				0D78185F1FB253B30057C197 /* LaunchScreen.storyboard */,
				0D7818621FB253B30057C197 /* Info.plist */,
				0D7818631FB253B30057C197 /* main.m */,
			);
			path = "SIP MQTT";
			sourceTree = "<group>";
		};
		0D78186C1FB253B30057C197 /* SIP MQTTTests */ = {
			isa = PBXGroup;
			children = (
				0D78186D1FB253B30057C197 /* SIP_MQTTTests.m */,
				0D78186F1FB253B30057C197 /* Info.plist */,
			);
			path = "SIP MQTTTests";
			sourceTree = "<group>";
		};
		0D7818771FB253B30057C197 /* SIP MQTTUITests */ = {
			isa = PBXGroup;
			children = (
				0D7818781FB253B30057C197 /* SIP_MQTTUITests.m */,
				0D78187A1FB253B30057C197 /* Info.plist */,
			);
			path = "SIP MQTTUITests";
			sourceTree = "<group>";
		};
		CF514F534384DF58F878C4CB /* Frameworks */ = {
			isa = PBXGroup;
			children = (
				0D54787C1FB7B8C9001943C8 /* AudioToolbox.framework */,
				396B11290075F9703BA5E30A /* libPods-SIP MQTT.a */,
				A79B9079324543C94AE17D71 /* libPods-SIP MQTTTests.a */,
				A6D131B7273E8C7BDDCA3F5F /* libPods-SIP MQTTUITests.a */,
			);
			name = Frameworks;
			sourceTree = "<group>";
		};
		E1E0284A708E2CFB07D3F7C6 /* Pods */ = {
			isa = PBXGroup;
			children = (
				CB9AD7A8D0212464C11A4EDB /* Pods-SIP MQTT.debug.xcconfig */,
				1AB9B999B702DF92B88D61C3 /* Pods-SIP MQTT.release.xcconfig */,
				47C8FBA47790F6AB5863CD4A /* Pods-SIP MQTTTests.debug.xcconfig */,
				B8D94E8B9C24B76EFBBC1E81 /* Pods-SIP MQTTTests.release.xcconfig */,
				529CBCD955C60DF8F14EFB35 /* Pods-SIP MQTTUITests.debug.xcconfig */,
				68DB866217C0DE778B5CE0C5 /* Pods-SIP MQTTUITests.release.xcconfig */,
			);
			name = Pods;
			sourceTree = "<group>";
		};
/* End PBXGroup section */

/* Begin PBXNativeTarget section */
		0D7818501FB253B30057C197 /* SIP MQTT */ = {
			isa = PBXNativeTarget;
			buildConfigurationList = 0D78187D1FB253B30057C197 /* Build configuration list for PBXNativeTarget "SIP MQTT" */;
			buildPhases = (
				B9DF4AFD41189B883125EDC4 /* [CP] Check Pods Manifest.lock */,
				0D78184D1FB253B30057C197 /* Sources */,
				0D78184E1FB253B30057C197 /* Frameworks */,
				0D78184F1FB253B30057C197 /* Resources */,
				07E7FDE4715AEBF772228D74 /* [CP] Embed Pods Frameworks */,
				64CEE9680C4DA940FA128345 /* [CP] Copy Pods Resources */,
			);
			buildRules = (
			);
			dependencies = (
			);
			name = "SIP MQTT";
			productName = "SIP MQTT";
			productReference = 0D7818511FB253B30057C197 /* SIP MQTT.app */;
			productType = "com.apple.product-type.application";
		};
		0D7818681FB253B30057C197 /* SIP MQTTTests */ = {
			isa = PBXNativeTarget;
			buildConfigurationList = 0D7818801FB253B30057C197 /* Build configuration list for PBXNativeTarget "SIP MQTTTests" */;
			buildPhases = (
				3D0B7429E6DA4F803E8A536B /* [CP] Check Pods Manifest.lock */,
				0D7818651FB253B30057C197 /* Sources */,
				0D7818661FB253B30057C197 /* Frameworks */,
				0D7818671FB253B30057C197 /* Resources */,
				9CFE73DA715AF8BE4C7D4857 /* [CP] Embed Pods Frameworks */,
				4B8536C3557F6DC14AC6FDF4 /* [CP] Copy Pods Resources */,
			);
			buildRules = (
			);
			dependencies = (
				0D78186B1FB253B30057C197 /* PBXTargetDependency */,
			);
			name = "SIP MQTTTests";
			productName = "SIP MQTTTests";
			productReference = 0D7818691FB253B30057C197 /* SIP MQTTTests.xctest */;
			productType = "com.apple.product-type.bundle.unit-test";
		};
		0D7818731FB253B30057C197 /* SIP MQTTUITests */ = {
			isa = PBXNativeTarget;
			buildConfigurationList = 0D7818831FB253B30057C197 /* Build configuration list for PBXNativeTarget "SIP MQTTUITests" */;
			buildPhases = (
				52854189534F290BC1343510 /* [CP] Check Pods Manifest.lock */,
				0D7818701FB253B30057C197 /* Sources */,
				0D7818711FB253B30057C197 /* Frameworks */,
				0D7818721FB253B30057C197 /* Resources */,
				AAB2FF4AB475E2FF36E20EFD /* [CP] Embed Pods Frameworks */,
				280C2439B7FB4F51A471E56A /* [CP] Copy Pods Resources */,
			);
			buildRules = (
			);
			dependencies = (
				0D7818761FB253B30057C197 /* PBXTargetDependency */,
			);
			name = "SIP MQTTUITests";
			productName = "SIP MQTTUITests";
			productReference = 0D7818741FB253B30057C197 /* SIP MQTTUITests.xctest */;
			productType = "com.apple.product-type.bundle.ui-testing";
		};
/* End PBXNativeTarget section */

/* Begin PBXProject section */
		0D7818491FB253B30057C197 /* Project object */ = {
			isa = PBXProject;
			attributes = {
				LastUpgradeCheck = 0900;
				ORGANIZATIONNAME = "Alexander Kozlov";
				TargetAttributes = {
					0D7818501FB253B30057C197 = {
						CreatedOnToolsVersion = 9.0.1;
						ProvisioningStyle = Automatic;
						SystemCapabilities = {
							com.apple.BackgroundModes = {
								enabled = 1;
							};
							com.apple.InterAppAudio = {
								enabled = 1;
							};
							com.apple.Push = {
								enabled = 1;
							};
						};
					};
					0D7818681FB253B30057C197 = {
						CreatedOnToolsVersion = 9.0.1;
						ProvisioningStyle = Automatic;
						TestTargetID = 0D7818501FB253B30057C197;
					};
					0D7818731FB253B30057C197 = {
						CreatedOnToolsVersion = 9.0.1;
						ProvisioningStyle = Automatic;
						TestTargetID = 0D7818501FB253B30057C197;
					};
				};
			};
			buildConfigurationList = 0D78184C1FB253B30057C197 /* Build configuration list for PBXProject "SIP MQTT" */;
			compatibilityVersion = "Xcode 8.0";
			developmentRegion = en;
			hasScannedForEncodings = 0;
			knownRegions = (
				en,
				Base,
			);
			mainGroup = 0D7818481FB253B30057C197;
			productRefGroup = 0D7818521FB253B30057C197 /* Products */;
			projectDirPath = "";
			projectRoot = "";
			targets = (
				0D7818501FB253B30057C197 /* SIP MQTT */,
				0D7818681FB253B30057C197 /* SIP MQTTTests */,
				0D7818731FB253B30057C197 /* SIP MQTTUITests */,
			);
		};
/* End PBXProject section */

/* Begin PBXResourcesBuildPhase section */
		0D78184F1FB253B30057C197 /* Resources */ = {
			isa = PBXResourcesBuildPhase;
			buildActionMask = 2147483647;
			files = (
				0D7818611FB253B30057C197 /* LaunchScreen.storyboard in Resources */,
				0D1D43CB1FBBB734002D0676 /* ca.crt in Resources */,
				0D78185E1FB253B30057C197 /* Assets.xcassets in Resources */,
				0D78185C1FB253B30057C197 /* Main.storyboard in Resources */,
			);
			runOnlyForDeploymentPostprocessing = 0;
		};
		0D7818671FB253B30057C197 /* Resources */ = {
			isa = PBXResourcesBuildPhase;
			buildActionMask = 2147483647;
			files = (
			);
			runOnlyForDeploymentPostprocessing = 0;
		};
		0D7818721FB253B30057C197 /* Resources */ = {
			isa = PBXResourcesBuildPhase;
			buildActionMask = 2147483647;
			files = (
			);
			runOnlyForDeploymentPostprocessing = 0;
		};
/* End PBXResourcesBuildPhase section */

/* Begin PBXShellScriptBuildPhase section */
		07E7FDE4715AEBF772228D74 /* [CP] Embed Pods Frameworks */ = {
			isa = PBXShellScriptBuildPhase;
			buildActionMask = 2147483647;
			files = (
			);
			inputPaths = (
			);
			name = "[CP] Embed Pods Frameworks";
			outputPaths = (
			);
			runOnlyForDeploymentPostprocessing = 0;
			shellPath = /bin/sh;
			shellScript = "\"${SRCROOT}/CocoaPods/Pods/Target Support Files/Pods-SIP MQTT/Pods-SIP MQTT-frameworks.sh\"\n";
			showEnvVarsInLog = 0;
		};
		280C2439B7FB4F51A471E56A /* [CP] Copy Pods Resources */ = {
			isa = PBXShellScriptBuildPhase;
			buildActionMask = 2147483647;
			files = (
			);
			inputPaths = (
			);
			name = "[CP] Copy Pods Resources";
			outputPaths = (
			);
			runOnlyForDeploymentPostprocessing = 0;
			shellPath = /bin/sh;
			shellScript = "\"${SRCROOT}/CocoaPods/Pods/Target Support Files/Pods-SIP MQTTUITests/Pods-SIP MQTTUITests-resources.sh\"\n";
			showEnvVarsInLog = 0;
		};
		3D0B7429E6DA4F803E8A536B /* [CP] Check Pods Manifest.lock */ = {
			isa = PBXShellScriptBuildPhase;
			buildActionMask = 2147483647;
			files = (
			);
			inputPaths = (
			);
			name = "[CP] Check Pods Manifest.lock";
			outputPaths = (
			);
			runOnlyForDeploymentPostprocessing = 0;
			shellPath = /bin/sh;
			shellScript = "diff \"${PODS_ROOT}/../Podfile.lock\" \"${PODS_ROOT}/Manifest.lock\" > /dev/null\nif [ $? != 0 ] ; then\n    # print error to STDERR\n    echo \"error: The sandbox is not in sync with the Podfile.lock. Run 'pod install' or update your CocoaPods installation.\" >&2\n    exit 1\nfi\n";
			showEnvVarsInLog = 0;
		};
		4B8536C3557F6DC14AC6FDF4 /* [CP] Copy Pods Resources */ = {
			isa = PBXShellScriptBuildPhase;
			buildActionMask = 2147483647;
			files = (
			);
			inputPaths = (
			);
			name = "[CP] Copy Pods Resources";
			outputPaths = (
			);
			runOnlyForDeploymentPostprocessing = 0;
			shellPath = /bin/sh;
			shellScript = "\"${SRCROOT}/CocoaPods/Pods/Target Support Files/Pods-SIP MQTTTests/Pods-SIP MQTTTests-resources.sh\"\n";
			showEnvVarsInLog = 0;
		};
		52854189534F290BC1343510 /* [CP] Check Pods Manifest.lock */ = {
			isa = PBXShellScriptBuildPhase;
			buildActionMask = 2147483647;
			files = (
			);
			inputPaths = (
			);
			name = "[CP] Check Pods Manifest.lock";
			outputPaths = (
			);
			runOnlyForDeploymentPostprocessing = 0;
			shellPath = /bin/sh;
			shellScript = "diff \"${PODS_ROOT}/../Podfile.lock\" \"${PODS_ROOT}/Manifest.lock\" > /dev/null\nif [ $? != 0 ] ; then\n    # print error to STDERR\n    echo \"error: The sandbox is not in sync with the Podfile.lock. Run 'pod install' or update your CocoaPods installation.\" >&2\n    exit 1\nfi\n";
			showEnvVarsInLog = 0;
		};
		64CEE9680C4DA940FA128345 /* [CP] Copy Pods Resources */ = {
			isa = PBXShellScriptBuildPhase;
			buildActionMask = 2147483647;
			files = (
			);
			inputPaths = (
			);
			name = "[CP] Copy Pods Resources";
			outputPaths = (
			);
			runOnlyForDeploymentPostprocessing = 0;
			shellPath = /bin/sh;
			shellScript = "\"${SRCROOT}/CocoaPods/Pods/Target Support Files/Pods-SIP MQTT/Pods-SIP MQTT-resources.sh\"\n";
			showEnvVarsInLog = 0;
		};
		9CFE73DA715AF8BE4C7D4857 /* [CP] Embed Pods Frameworks */ = {
			isa = PBXShellScriptBuildPhase;
			buildActionMask = 2147483647;
			files = (
			);
			inputPaths = (
			);
			name = "[CP] Embed Pods Frameworks";
			outputPaths = (
			);
			runOnlyForDeploymentPostprocessing = 0;
			shellPath = /bin/sh;
			shellScript = "\"${SRCROOT}/CocoaPods/Pods/Target Support Files/Pods-SIP MQTTTests/Pods-SIP MQTTTests-frameworks.sh\"\n";
			showEnvVarsInLog = 0;
		};
		AAB2FF4AB475E2FF36E20EFD /* [CP] Embed Pods Frameworks */ = {
			isa = PBXShellScriptBuildPhase;
			buildActionMask = 2147483647;
			files = (
			);
			inputPaths = (
			);
			name = "[CP] Embed Pods Frameworks";
			outputPaths = (
			);
			runOnlyForDeploymentPostprocessing = 0;
			shellPath = /bin/sh;
			shellScript = "\"${SRCROOT}/CocoaPods/Pods/Target Support Files/Pods-SIP MQTTUITests/Pods-SIP MQTTUITests-frameworks.sh\"\n";
			showEnvVarsInLog = 0;
		};
		B9DF4AFD41189B883125EDC4 /* [CP] Check Pods Manifest.lock */ = {
			isa = PBXShellScriptBuildPhase;
			buildActionMask = 2147483647;
			files = (
			);
			inputPaths = (
			);
			name = "[CP] Check Pods Manifest.lock";
			outputPaths = (
			);
			runOnlyForDeploymentPostprocessing = 0;
			shellPath = /bin/sh;
			shellScript = "diff \"${PODS_ROOT}/../Podfile.lock\" \"${PODS_ROOT}/Manifest.lock\" > /dev/null\nif [ $? != 0 ] ; then\n    # print error to STDERR\n    echo \"error: The sandbox is not in sync with the Podfile.lock. Run 'pod install' or update your CocoaPods installation.\" >&2\n    exit 1\nfi\n";
			showEnvVarsInLog = 0;
		};
/* End PBXShellScriptBuildPhase section */

/* Begin PBXSourcesBuildPhase section */
		0D78184D1FB253B30057C197 /* Sources */ = {
			isa = PBXSourcesBuildPhase;
			buildActionMask = 2147483647;
			files = (
				0D0BE1721FEBF23800EC1727 /* GCDAsyncSocket.m in Sources */,
				0D7818591FB253B30057C197 /* ViewController.m in Sources */,
				0D5F15D71FBD1C7200E772D6 /* SIPpj.m in Sources */,
				0D286D4B1FF7B72100F9C3B9 /* AudioPlaying.m in Sources */,
				0D7818641FB253B30057C197 /* main.m in Sources */,
				0D286D461FF29A3600F9C3B9 /* AudioRecording.m in Sources */,
				0D7818561FB253B30057C197 /* AppDelegate.m in Sources */,
				0D0BE16F1FEBF23800EC1727 /* GCDAsyncUdpSocket.m in Sources */,
				0D0BE1681FEBF1B200EC1727 /* UDPSocket.m in Sources */,
				0D1D43BE1FBA5FD1002D0676 /* MQTT.m in Sources */,
			);
			runOnlyForDeploymentPostprocessing = 0;
		};
		0D7818651FB253B30057C197 /* Sources */ = {
			isa = PBXSourcesBuildPhase;
			buildActionMask = 2147483647;
			files = (
				0D286D471FF29A3600F9C3B9 /* AudioRecording.m in Sources */,
				0D0BE1731FEBF23800EC1727 /* GCDAsyncSocket.m in Sources */,
				0D0BE1691FEBF1B200EC1727 /* UDPSocket.m in Sources */,
				0D286D4C1FF7B72100F9C3B9 /* AudioPlaying.m in Sources */,
				0D0BE1701FEBF23800EC1727 /* GCDAsyncUdpSocket.m in Sources */,
				0D78186E1FB253B30057C197 /* SIP_MQTTTests.m in Sources */,
			);
			runOnlyForDeploymentPostprocessing = 0;
		};
		0D7818701FB253B30057C197 /* Sources */ = {
			isa = PBXSourcesBuildPhase;
			buildActionMask = 2147483647;
			files = (
				0D286D481FF29A3600F9C3B9 /* AudioRecording.m in Sources */,
				0D0BE1741FEBF23800EC1727 /* GCDAsyncSocket.m in Sources */,
				0D0BE16A1FEBF1B200EC1727 /* UDPSocket.m in Sources */,
				0D286D4D1FF7B72100F9C3B9 /* AudioPlaying.m in Sources */,
				0D0BE1711FEBF23800EC1727 /* GCDAsyncUdpSocket.m in Sources */,
				0D7818791FB253B30057C197 /* SIP_MQTTUITests.m in Sources */,
			);
			runOnlyForDeploymentPostprocessing = 0;
		};
/* End PBXSourcesBuildPhase section */

/* Begin PBXTargetDependency section */
		0D78186B1FB253B30057C197 /* PBXTargetDependency */ = {
			isa = PBXTargetDependency;
			target = 0D7818501FB253B30057C197 /* SIP MQTT */;
			targetProxy = 0D78186A1FB253B30057C197 /* PBXContainerItemProxy */;
		};
		0D7818761FB253B30057C197 /* PBXTargetDependency */ = {
			isa = PBXTargetDependency;
			target = 0D7818501FB253B30057C197 /* SIP MQTT */;
			targetProxy = 0D7818751FB253B30057C197 /* PBXContainerItemProxy */;
		};
/* End PBXTargetDependency section */

/* Begin PBXVariantGroup section */
		0D78185A1FB253B30057C197 /* Main.storyboard */ = {
			isa = PBXVariantGroup;
			children = (
				0D78185B1FB253B30057C197 /* Base */,
			);
			name = Main.storyboard;
			sourceTree = "<group>";
		};
		0D78185F1FB253B30057C197 /* LaunchScreen.storyboard */ = {
			isa = PBXVariantGroup;
			children = (
				0D7818601FB253B30057C197 /* Base */,
			);
			name = LaunchScreen.storyboard;
			sourceTree = "<group>";
		};
/* End PBXVariantGroup section */

/* Begin XCBuildConfiguration section */
		0D78187B1FB253B30057C197 /* Debug */ = {
			isa = XCBuildConfiguration;
			buildSettings = {
				ALWAYS_SEARCH_USER_PATHS = NO;
				CLANG_ANALYZER_NONNULL = YES;
				CLANG_ANALYZER_NUMBER_OBJECT_CONVERSION = YES_AGGRESSIVE;
				CLANG_CXX_LANGUAGE_STANDARD = "gnu++14";
				CLANG_CXX_LIBRARY = "libc++";
				CLANG_ENABLE_MODULES = YES;
				CLANG_ENABLE_OBJC_ARC = YES;
				CLANG_WARN_BLOCK_CAPTURE_AUTORELEASING = YES;
				CLANG_WARN_BOOL_CONVERSION = YES;
				CLANG_WARN_COMMA = YES;
				CLANG_WARN_CONSTANT_CONVERSION = YES;
				CLANG_WARN_DIRECT_OBJC_ISA_USAGE = YES_ERROR;
				CLANG_WARN_DOCUMENTATION_COMMENTS = YES;
				CLANG_WARN_EMPTY_BODY = YES;
				CLANG_WARN_ENUM_CONVERSION = YES;
				CLANG_WARN_INFINITE_RECURSION = YES;
				CLANG_WARN_INT_CONVERSION = YES;
				CLANG_WARN_NON_LITERAL_NULL_CONVERSION = YES;
				CLANG_WARN_OBJC_LITERAL_CONVERSION = YES;
				CLANG_WARN_OBJC_ROOT_CLASS = YES_ERROR;
				CLANG_WARN_RANGE_LOOP_ANALYSIS = YES;
				CLANG_WARN_STRICT_PROTOTYPES = YES;
				CLANG_WARN_SUSPICIOUS_MOVE = YES;
				CLANG_WARN_UNGUARDED_AVAILABILITY = YES_AGGRESSIVE;
				CLANG_WARN_UNREACHABLE_CODE = YES;
				CLANG_WARN__DUPLICATE_METHOD_MATCH = YES;
				CODE_SIGN_IDENTITY = "iPhone Developer";
				COPY_PHASE_STRIP = NO;
				DEBUG_INFORMATION_FORMAT = dwarf;
				ENABLE_STRICT_OBJC_MSGSEND = YES;
				ENABLE_TESTABILITY = YES;
				GCC_C_LANGUAGE_STANDARD = gnu11;
				GCC_DYNAMIC_NO_PIC = NO;
				GCC_NO_COMMON_BLOCKS = YES;
				GCC_OPTIMIZATION_LEVEL = 0;
				GCC_PREPROCESSOR_DEFINITIONS = (
					"DEBUG=1",
					"$(inherited)",
				);
				GCC_WARN_64_TO_32_BIT_CONVERSION = YES;
				GCC_WARN_ABOUT_RETURN_TYPE = YES_ERROR;
				GCC_WARN_UNDECLARED_SELECTOR = YES;
				GCC_WARN_UNINITIALIZED_AUTOS = YES_AGGRESSIVE;
				GCC_WARN_UNUSED_FUNCTION = YES;
				GCC_WARN_UNUSED_VARIABLE = YES;
				IPHONEOS_DEPLOYMENT_TARGET = 11.0;
				MTL_ENABLE_DEBUG_INFO = YES;
				ONLY_ACTIVE_ARCH = YES;
				SDKROOT = iphoneos;
			};
			name = Debug;
		};
		0D78187C1FB253B30057C197 /* Release */ = {
			isa = XCBuildConfiguration;
			buildSettings = {
				ALWAYS_SEARCH_USER_PATHS = NO;
				CLANG_ANALYZER_NONNULL = YES;
				CLANG_ANALYZER_NUMBER_OBJECT_CONVERSION = YES_AGGRESSIVE;
				CLANG_CXX_LANGUAGE_STANDARD = "gnu++14";
				CLANG_CXX_LIBRARY = "libc++";
				CLANG_ENABLE_MODULES = YES;
				CLANG_ENABLE_OBJC_ARC = YES;
				CLANG_WARN_BLOCK_CAPTURE_AUTORELEASING = YES;
				CLANG_WARN_BOOL_CONVERSION = YES;
				CLANG_WARN_COMMA = YES;
				CLANG_WARN_CONSTANT_CONVERSION = YES;
				CLANG_WARN_DIRECT_OBJC_ISA_USAGE = YES_ERROR;
				CLANG_WARN_DOCUMENTATION_COMMENTS = YES;
				CLANG_WARN_EMPTY_BODY = YES;
				CLANG_WARN_ENUM_CONVERSION = YES;
				CLANG_WARN_INFINITE_RECURSION = YES;
				CLANG_WARN_INT_CONVERSION = YES;
				CLANG_WARN_NON_LITERAL_NULL_CONVERSION = YES;
				CLANG_WARN_OBJC_LITERAL_CONVERSION = YES;
				CLANG_WARN_OBJC_ROOT_CLASS = YES_ERROR;
				CLANG_WARN_RANGE_LOOP_ANALYSIS = YES;
				CLANG_WARN_STRICT_PROTOTYPES = YES;
				CLANG_WARN_SUSPICIOUS_MOVE = YES;
				CLANG_WARN_UNGUARDED_AVAILABILITY = YES_AGGRESSIVE;
				CLANG_WARN_UNREACHABLE_CODE = YES;
				CLANG_WARN__DUPLICATE_METHOD_MATCH = YES;
				CODE_SIGN_IDENTITY = "iPhone Developer";
				COPY_PHASE_STRIP = NO;
				DEBUG_INFORMATION_FORMAT = "dwarf-with-dsym";
				ENABLE_NS_ASSERTIONS = NO;
				ENABLE_STRICT_OBJC_MSGSEND = YES;
				GCC_C_LANGUAGE_STANDARD = gnu11;
				GCC_NO_COMMON_BLOCKS = YES;
				GCC_WARN_64_TO_32_BIT_CONVERSION = YES;
				GCC_WARN_ABOUT_RETURN_TYPE = YES_ERROR;
				GCC_WARN_UNDECLARED_SELECTOR = YES;
				GCC_WARN_UNINITIALIZED_AUTOS = YES_AGGRESSIVE;
				GCC_WARN_UNUSED_FUNCTION = YES;
				GCC_WARN_UNUSED_VARIABLE = YES;
				IPHONEOS_DEPLOYMENT_TARGET = 11.0;
				MTL_ENABLE_DEBUG_INFO = NO;
				SDKROOT = iphoneos;
				VALIDATE_PRODUCT = YES;
			};
			name = Release;
		};
		0D78187E1FB253B30057C197 /* Debug */ = {
			isa = XCBuildConfiguration;
			baseConfigurationReference = CB9AD7A8D0212464C11A4EDB /* Pods-SIP MQTT.debug.xcconfig */;
			buildSettings = {
				ASSETCATALOG_COMPILER_APPICON_NAME = AppIcon;
				CODE_SIGN_ENTITLEMENTS = "SIP MQTT/SIP MQTT.entitlements";
				"CODE_SIGN_IDENTITY[sdk=iphoneos*]" = "iPhone Developer";
				CODE_SIGN_STYLE = Automatic;
				DEVELOPMENT_TEAM = GQFGK5478M;
				ENABLE_BITCODE = NO;
				INFOPLIST_FILE = "SIP MQTT/Info.plist";
				IPHONEOS_DEPLOYMENT_TARGET = 9.0;
				LD_RUNPATH_SEARCH_PATHS = "$(inherited) @executable_path/Frameworks";
				MACOSX_DEPLOYMENT_TARGET = 10.6;
				PRODUCT_BUNDLE_IDENTIFIER = bundle.SIPMQTT.com;
				PRODUCT_NAME = "$(TARGET_NAME)";
				PROVISIONING_PROFILE = "";
				PROVISIONING_PROFILE_SPECIFIER = "";
				SDKROOT = iphoneos;
				TARGETED_DEVICE_FAMILY = "1,2";
			};
			name = Debug;
		};
		0D78187F1FB253B30057C197 /* Release */ = {
			isa = XCBuildConfiguration;
			baseConfigurationReference = 1AB9B999B702DF92B88D61C3 /* Pods-SIP MQTT.release.xcconfig */;
			buildSettings = {
				ASSETCATALOG_COMPILER_APPICON_NAME = AppIcon;
				CODE_SIGN_ENTITLEMENTS = "SIP MQTT/SIP MQTT.entitlements";
				"CODE_SIGN_IDENTITY[sdk=iphoneos*]" = "iPhone Developer";
				CODE_SIGN_STYLE = Automatic;
				DEVELOPMENT_TEAM = GQFGK5478M;
				ENABLE_BITCODE = NO;
				INFOPLIST_FILE = "SIP MQTT/Info.plist";
				IPHONEOS_DEPLOYMENT_TARGET = 9.0;
				LD_RUNPATH_SEARCH_PATHS = "$(inherited) @executable_path/Frameworks";
				MACOSX_DEPLOYMENT_TARGET = 10.6;
				PRODUCT_BUNDLE_IDENTIFIER = bundle.SIPMQTT.com;
				PRODUCT_NAME = "$(TARGET_NAME)";
				PROVISIONING_PROFILE = "";
				PROVISIONING_PROFILE_SPECIFIER = "";
				SDKROOT = iphoneos;
				TARGETED_DEVICE_FAMILY = "1,2";
			};
			name = Release;
		};
		0D7818811FB253B30057C197 /* Debug */ = {
			isa = XCBuildConfiguration;
			baseConfigurationReference = 47C8FBA47790F6AB5863CD4A /* Pods-SIP MQTTTests.debug.xcconfig */;
			buildSettings = {
				BUNDLE_LOADER = "$(TEST_HOST)";
				CODE_SIGN_STYLE = Automatic;
				INFOPLIST_FILE = "SIP MQTTTests/Info.plist";
				LD_RUNPATH_SEARCH_PATHS = "$(inherited) @executable_path/Frameworks @loader_path/Frameworks";
				PRODUCT_BUNDLE_IDENTIFIER = "bundle.SIP-MQTTTests";
				PRODUCT_NAME = "$(TARGET_NAME)";
				TARGETED_DEVICE_FAMILY = "1,2";
				TEST_HOST = "$(BUILT_PRODUCTS_DIR)/SIP MQTT.app/SIP MQTT";
			};
			name = Debug;
		};
		0D7818821FB253B30057C197 /* Release */ = {
			isa = XCBuildConfiguration;
			baseConfigurationReference = B8D94E8B9C24B76EFBBC1E81 /* Pods-SIP MQTTTests.release.xcconfig */;
			buildSettings = {
				BUNDLE_LOADER = "$(TEST_HOST)";
				CODE_SIGN_STYLE = Automatic;
				INFOPLIST_FILE = "SIP MQTTTests/Info.plist";
				LD_RUNPATH_SEARCH_PATHS = "$(inherited) @executable_path/Frameworks @loader_path/Frameworks";
				PRODUCT_BUNDLE_IDENTIFIER = "bundle.SIP-MQTTTests";
				PRODUCT_NAME = "$(TARGET_NAME)";
				TARGETED_DEVICE_FAMILY = "1,2";
				TEST_HOST = "$(BUILT_PRODUCTS_DIR)/SIP MQTT.app/SIP MQTT";
			};
			name = Release;
		};
		0D7818841FB253B30057C197 /* Debug */ = {
			isa = XCBuildConfiguration;
			baseConfigurationReference = 529CBCD955C60DF8F14EFB35 /* Pods-SIP MQTTUITests.debug.xcconfig */;
			buildSettings = {
				CODE_SIGN_STYLE = Automatic;
				INFOPLIST_FILE = "SIP MQTTUITests/Info.plist";
				LD_RUNPATH_SEARCH_PATHS = "$(inherited) @executable_path/Frameworks @loader_path/Frameworks";
				PRODUCT_BUNDLE_IDENTIFIER = "bundle.SIP-MQTTUITests";
				PRODUCT_NAME = "$(TARGET_NAME)";
				TARGETED_DEVICE_FAMILY = "1,2";
				TEST_TARGET_NAME = "SIP MQTT";
			};
			name = Debug;
		};
		0D7818851FB253B30057C197 /* Release */ = {
			isa = XCBuildConfiguration;
			baseConfigurationReference = 68DB866217C0DE778B5CE0C5 /* Pods-SIP MQTTUITests.release.xcconfig */;
			buildSettings = {
				CODE_SIGN_STYLE = Automatic;
				INFOPLIST_FILE = "SIP MQTTUITests/Info.plist";
				LD_RUNPATH_SEARCH_PATHS = "$(inherited) @executable_path/Frameworks @loader_path/Frameworks";
				PRODUCT_BUNDLE_IDENTIFIER = "bundle.SIP-MQTTUITests";
				PRODUCT_NAME = "$(TARGET_NAME)";
				TARGETED_DEVICE_FAMILY = "1,2";
				TEST_TARGET_NAME = "SIP MQTT";
			};
			name = Release;
		};
/* End XCBuildConfiguration section */

/* Begin XCConfigurationList section */
		0D78184C1FB253B30057C197 /* Build configuration list for PBXProject "SIP MQTT" */ = {
			isa = XCConfigurationList;
			buildConfigurations = (
				0D78187B1FB253B30057C197 /* Debug */,
				0D78187C1FB253B30057C197 /* Release */,
			);
			defaultConfigurationIsVisible = 0;
			defaultConfigurationName = Release;
		};
		0D78187D1FB253B30057C197 /* Build configuration list for PBXNativeTarget "SIP MQTT" */ = {
			isa = XCConfigurationList;
			buildConfigurations = (
				0D78187E1FB253B30057C197 /* Debug */,
				0D78187F1FB253B30057C197 /* Release */,
			);
			defaultConfigurationIsVisible = 0;
			defaultConfigurationName = Release;
		};
		0D7818801FB253B30057C197 /* Build configuration list for PBXNativeTarget "SIP MQTTTests" */ = {
			isa = XCConfigurationList;
			buildConfigurations = (
				0D7818811FB253B30057C197 /* Debug */,
				0D7818821FB253B30057C197 /* Release */,
			);
			defaultConfigurationIsVisible = 0;
			defaultConfigurationName = Release;
		};
		0D7818831FB253B30057C197 /* Build configuration list for PBXNativeTarget "SIP MQTTUITests" */ = {
			isa = XCConfigurationList;
			buildConfigurations = (
				0D7818841FB253B30057C197 /* Debug */,
				0D7818851FB253B30057C197 /* Release */,
			);
			defaultConfigurationIsVisible = 0;
			defaultConfigurationName = Release;
		};
/* End XCConfigurationList section */
	};
	rootObject = 0D7818491FB253B30057C197 /* Project object */;
}
